// !$*UTF8*$!
{
	archiveVersion = 1;
	classes = {
	};
	objectVersion = 46;
	objects = {

/* Begin PBXBuildFile section */
		130007AE1E86E2AB005046D7 /* FAQViewController.swift in Sources */ = {isa = PBXBuildFile; fileRef = 130007AD1E86E2AB005046D7 /* FAQViewController.swift */; };
		130007B01E86E2B6005046D7 /* LoginViewController.swift in Sources */ = {isa = PBXBuildFile; fileRef = 130007AF1E86E2B6005046D7 /* LoginViewController.swift */; };
		130007B21E86E2CA005046D7 /* ExpandingTableViewCell.swift in Sources */ = {isa = PBXBuildFile; fileRef = 130007B11E86E2CA005046D7 /* ExpandingTableViewCell.swift */; };
		130007B41E86E2E6005046D7 /* OptionsViewController.swift in Sources */ = {isa = PBXBuildFile; fileRef = 130007B31E86E2E6005046D7 /* OptionsViewController.swift */; };
		130007BC1E86E7D1005046D7 /* MyCustomCell.swift in Sources */ = {isa = PBXBuildFile; fileRef = 130007BB1E86E7D1005046D7 /* MyCustomCell.swift */; };
		130007D21E86EC6B005046D7 /* arrow-left.png in Resources */ = {isa = PBXBuildFile; fileRef = 130007BD1E86EC6B005046D7 /* arrow-left.png */; };
		130007D31E86EC6B005046D7 /* battery.png in Resources */ = {isa = PBXBuildFile; fileRef = 130007BE1E86EC6B005046D7 /* battery.png */; };
		130007D41E86EC6B005046D7 /* calendar-active.png in Resources */ = {isa = PBXBuildFile; fileRef = 130007BF1E86EC6B005046D7 /* calendar-active.png */; };
		130007D51E86EC6B005046D7 /* calendar.png in Resources */ = {isa = PBXBuildFile; fileRef = 130007C01E86EC6B005046D7 /* calendar.png */; };
		130007D61E86EC6B005046D7 /* change-team.png in Resources */ = {isa = PBXBuildFile; fileRef = 130007C11E86EC6B005046D7 /* change-team.png */; };
		130007D71E86EC6B005046D7 /* check-schedule.png in Resources */ = {isa = PBXBuildFile; fileRef = 130007C21E86EC6B005046D7 /* check-schedule.png */; };
		130007D81E86EC6B005046D7 /* check-scores.png in Resources */ = {isa = PBXBuildFile; fileRef = 130007C31E86EC6B005046D7 /* check-scores.png */; };
		130007D91E86EC6B005046D7 /* check-standings.png in Resources */ = {isa = PBXBuildFile; fileRef = 130007C41E86EC6B005046D7 /* check-standings.png */; };
		130007DA1E86EC6B005046D7 /* faq.png in Resources */ = {isa = PBXBuildFile; fileRef = 130007C51E86EC6B005046D7 /* faq.png */; };
		130007DB1E86EC6B005046D7 /* home-active.png in Resources */ = {isa = PBXBuildFile; fileRef = 130007C61E86EC6B005046D7 /* home-active.png */; };
		130007DC1E86EC6B005046D7 /* home.png in Resources */ = {isa = PBXBuildFile; fileRef = 130007C71E86EC6B005046D7 /* home.png */; };
		130007DD1E86EC6B005046D7 /* logo.jpg in Resources */ = {isa = PBXBuildFile; fileRef = 130007C81E86EC6B005046D7 /* logo.jpg */; };
		130007DE1E86EC6B005046D7 /* menu-active.png in Resources */ = {isa = PBXBuildFile; fileRef = 130007C91E86EC6B005046D7 /* menu-active.png */; };
		130007DF1E86EC6B005046D7 /* more.png in Resources */ = {isa = PBXBuildFile; fileRef = 130007CA1E86EC6B005046D7 /* more.png */; };
		130007E01E86EC6B005046D7 /* scores-active.png in Resources */ = {isa = PBXBuildFile; fileRef = 130007CB1E86EC6B005046D7 /* scores-active.png */; };
		130007E11E86EC6B005046D7 /* scores.png in Resources */ = {isa = PBXBuildFile; fileRef = 130007CC1E86EC6B005046D7 /* scores.png */; };
		130007E21E86EC6B005046D7 /* search.png in Resources */ = {isa = PBXBuildFile; fileRef = 130007CD1E86EC6B005046D7 /* search.png */; };
		130007E31E86EC6B005046D7 /* sponsors.png in Resources */ = {isa = PBXBuildFile; fileRef = 130007CE1E86EC6B005046D7 /* sponsors.png */; };
		130007E41E86EC6B005046D7 /* standings-active.png in Resources */ = {isa = PBXBuildFile; fileRef = 130007CF1E86EC6B005046D7 /* standings-active.png */; };
		130007E51E86EC6B005046D7 /* standings.png in Resources */ = {isa = PBXBuildFile; fileRef = 130007D01E86EC6B005046D7 /* standings.png */; };
		130007E61E86EC6B005046D7 /* Team Icons in Resources */ = {isa = PBXBuildFile; fileRef = 130007D11E86EC6B005046D7 /* Team Icons */; };
		13683C581DD2A9290027A767 /* HomeController.swift in Sources */ = {isa = PBXBuildFile; fileRef = 13683C571DD2A9290027A767 /* HomeController.swift */; };
		3E000B141E86F6C30087614E /* WebsiteData.swift in Sources */ = {isa = PBXBuildFile; fileRef = 3E000B0E1E86F6C30087614E /* WebsiteData.swift */; };
		3E000B151E86F6C30087614E /* Team.swift in Sources */ = {isa = PBXBuildFile; fileRef = 3E000B0F1E86F6C30087614E /* Team.swift */; };
		3E000B161E86F6C30087614E /* StringSearchable.swift in Sources */ = {isa = PBXBuildFile; fileRef = 3E000B101E86F6C30087614E /* StringSearchable.swift */; };
		3E000B171E86F6C30087614E /* Standing.swift in Sources */ = {isa = PBXBuildFile; fileRef = 3E000B111E86F6C30087614E /* Standing.swift */; };
		3E000B181E86F6C30087614E /* LeagueData.swift in Sources */ = {isa = PBXBuildFile; fileRef = 3E000B121E86F6C30087614E /* LeagueData.swift */; };
		3E000B191E86F6C30087614E /* Game.swift in Sources */ = {isa = PBXBuildFile; fileRef = 3E000B131E86F6C30087614E /* Game.swift */; };
		3E000B1A1E86F7290087614E /* SwiftyJSON.framework in Frameworks */ = {isa = PBXBuildFile; fileRef = 3EFE61591DA7421900DA895D /* SwiftyJSON.framework */; };
		3E000B1B1E86F7290087614E /* SwiftyJSON.framework in Embed Frameworks */ = {isa = PBXBuildFile; fileRef = 3EFE61591DA7421900DA895D /* SwiftyJSON.framework */; settings = {ATTRIBUTES = (CodeSignOnCopy, RemoveHeadersOnCopy, ); }; };
		3E000B1C1E86F7290087614E /* Alamofire.framework in Frameworks */ = {isa = PBXBuildFile; fileRef = 3EFE61571DA7421400DA895D /* Alamofire.framework */; };
		3E000B1D1E86F7290087614E /* Alamofire.framework in Embed Frameworks */ = {isa = PBXBuildFile; fileRef = 3EFE61571DA7421400DA895D /* Alamofire.framework */; settings = {ATTRIBUTES = (CodeSignOnCopy, RemoveHeadersOnCopy, ); }; };
		3E000B1F1E86F75A0087614E /* Kanna.framework in Frameworks */ = {isa = PBXBuildFile; fileRef = 3E000B1E1E86F75A0087614E /* Kanna.framework */; };
		3E000B201E86F75A0087614E /* Kanna.framework in Embed Frameworks */ = {isa = PBXBuildFile; fileRef = 3E000B1E1E86F75A0087614E /* Kanna.framework */; settings = {ATTRIBUTES = (CodeSignOnCopy, RemoveHeadersOnCopy, ); }; };
		3EFE613D1DA7354700DA895D /* AppDelegate.swift in Sources */ = {isa = PBXBuildFile; fileRef = 3EFE613C1DA7354700DA895D /* AppDelegate.swift */; };
		3EFE613F1DA7354700DA895D /* FirstViewController.swift in Sources */ = {isa = PBXBuildFile; fileRef = 3EFE613E1DA7354700DA895D /* FirstViewController.swift */; };
		3EFE61411DA7354700DA895D /* SecondViewController.swift in Sources */ = {isa = PBXBuildFile; fileRef = 3EFE61401DA7354700DA895D /* SecondViewController.swift */; };
		3EFE61441DA7354700DA895D /* Main.storyboard in Resources */ = {isa = PBXBuildFile; fileRef = 3EFE61421DA7354700DA895D /* Main.storyboard */; };
		3EFE61461DA7354700DA895D /* Assets.xcassets in Resources */ = {isa = PBXBuildFile; fileRef = 3EFE61451DA7354700DA895D /* Assets.xcassets */; };
		3EFE61491DA7354700DA895D /* LaunchScreen.storyboard in Resources */ = {isa = PBXBuildFile; fileRef = 3EFE61471DA7354700DA895D /* LaunchScreen.storyboard */; };
		F150F6AE1E873BB100534AB8 /* Controller.swift in Sources */ = {isa = PBXBuildFile; fileRef = F150F6AD1E873BB100534AB8 /* Controller.swift */; };
/* End PBXBuildFile section */

/* Begin PBXCopyFilesBuildPhase section */
		3E000AFD1E86BD6D0087614E /* Embed Frameworks */ = {
			isa = PBXCopyFilesBuildPhase;
			buildActionMask = 2147483647;
			dstPath = "";
			dstSubfolderSpec = 10;
			files = (
				3E000B1B1E86F7290087614E /* SwiftyJSON.framework in Embed Frameworks */,
				3E000B1D1E86F7290087614E /* Alamofire.framework in Embed Frameworks */,
				3E000B201E86F75A0087614E /* Kanna.framework in Embed Frameworks */,
			);
			name = "Embed Frameworks";
			runOnlyForDeploymentPostprocessing = 0;
		};
/* End PBXCopyFilesBuildPhase section */

/* Begin PBXFileReference section */
		130007AD1E86E2AB005046D7 /* FAQViewController.swift */ = {isa = PBXFileReference; fileEncoding = 4; lastKnownFileType = sourcecode.swift; path = FAQViewController.swift; sourceTree = "<group>"; };
		130007AF1E86E2B6005046D7 /* LoginViewController.swift */ = {isa = PBXFileReference; fileEncoding = 4; lastKnownFileType = sourcecode.swift; path = LoginViewController.swift; sourceTree = "<group>"; };
		130007B11E86E2CA005046D7 /* ExpandingTableViewCell.swift */ = {isa = PBXFileReference; fileEncoding = 4; lastKnownFileType = sourcecode.swift; path = ExpandingTableViewCell.swift; sourceTree = "<group>"; };
		130007B31E86E2E6005046D7 /* OptionsViewController.swift */ = {isa = PBXFileReference; fileEncoding = 4; lastKnownFileType = sourcecode.swift; path = OptionsViewController.swift; sourceTree = "<group>"; };
		130007BB1E86E7D1005046D7 /* MyCustomCell.swift */ = {isa = PBXFileReference; fileEncoding = 4; lastKnownFileType = sourcecode.swift; path = MyCustomCell.swift; sourceTree = "<group>"; };
		130007BD1E86EC6B005046D7 /* arrow-left.png */ = {isa = PBXFileReference; lastKnownFileType = image.png; name = "arrow-left.png"; path = "../images/arrow-left.png"; sourceTree = "<group>"; };
		130007BE1E86EC6B005046D7 /* battery.png */ = {isa = PBXFileReference; lastKnownFileType = image.png; name = battery.png; path = ../images/battery.png; sourceTree = "<group>"; };
		130007BF1E86EC6B005046D7 /* calendar-active.png */ = {isa = PBXFileReference; lastKnownFileType = image.png; name = "calendar-active.png"; path = "../images/calendar-active.png"; sourceTree = "<group>"; };
		130007C01E86EC6B005046D7 /* calendar.png */ = {isa = PBXFileReference; lastKnownFileType = image.png; name = calendar.png; path = ../images/calendar.png; sourceTree = "<group>"; };
		130007C11E86EC6B005046D7 /* change-team.png */ = {isa = PBXFileReference; lastKnownFileType = image.png; name = "change-team.png"; path = "../images/change-team.png"; sourceTree = "<group>"; };
		130007C21E86EC6B005046D7 /* check-schedule.png */ = {isa = PBXFileReference; lastKnownFileType = image.png; name = "check-schedule.png"; path = "../images/check-schedule.png"; sourceTree = "<group>"; };
		130007C31E86EC6B005046D7 /* check-scores.png */ = {isa = PBXFileReference; lastKnownFileType = image.png; name = "check-scores.png"; path = "../images/check-scores.png"; sourceTree = "<group>"; };
		130007C41E86EC6B005046D7 /* check-standings.png */ = {isa = PBXFileReference; lastKnownFileType = image.png; name = "check-standings.png"; path = "../images/check-standings.png"; sourceTree = "<group>"; };
		130007C51E86EC6B005046D7 /* faq.png */ = {isa = PBXFileReference; lastKnownFileType = image.png; name = faq.png; path = ../images/faq.png; sourceTree = "<group>"; };
		130007C61E86EC6B005046D7 /* home-active.png */ = {isa = PBXFileReference; lastKnownFileType = image.png; name = "home-active.png"; path = "../images/home-active.png"; sourceTree = "<group>"; };
		130007C71E86EC6B005046D7 /* home.png */ = {isa = PBXFileReference; lastKnownFileType = image.png; name = home.png; path = ../images/home.png; sourceTree = "<group>"; };
		130007C81E86EC6B005046D7 /* logo.jpg */ = {isa = PBXFileReference; lastKnownFileType = image.jpeg; name = logo.jpg; path = ../images/logo.jpg; sourceTree = "<group>"; };
		130007C91E86EC6B005046D7 /* menu-active.png */ = {isa = PBXFileReference; lastKnownFileType = image.png; name = "menu-active.png"; path = "../images/menu-active.png"; sourceTree = "<group>"; };
		130007CA1E86EC6B005046D7 /* more.png */ = {isa = PBXFileReference; lastKnownFileType = image.png; name = more.png; path = ../images/more.png; sourceTree = "<group>"; };
		130007CB1E86EC6B005046D7 /* scores-active.png */ = {isa = PBXFileReference; lastKnownFileType = image.png; name = "scores-active.png"; path = "../images/scores-active.png"; sourceTree = "<group>"; };
		130007CC1E86EC6B005046D7 /* scores.png */ = {isa = PBXFileReference; lastKnownFileType = image.png; name = scores.png; path = ../images/scores.png; sourceTree = "<group>"; };
		130007CD1E86EC6B005046D7 /* search.png */ = {isa = PBXFileReference; lastKnownFileType = image.png; name = search.png; path = ../images/search.png; sourceTree = "<group>"; };
		130007CE1E86EC6B005046D7 /* sponsors.png */ = {isa = PBXFileReference; lastKnownFileType = image.png; name = sponsors.png; path = ../images/sponsors.png; sourceTree = "<group>"; };
		130007CF1E86EC6B005046D7 /* standings-active.png */ = {isa = PBXFileReference; lastKnownFileType = image.png; name = "standings-active.png"; path = "../images/standings-active.png"; sourceTree = "<group>"; };
		130007D01E86EC6B005046D7 /* standings.png */ = {isa = PBXFileReference; lastKnownFileType = image.png; name = standings.png; path = ../images/standings.png; sourceTree = "<group>"; };
		130007D11E86EC6B005046D7 /* Team Icons */ = {isa = PBXFileReference; lastKnownFileType = folder; name = "Team Icons"; path = "../images/Team Icons"; sourceTree = "<group>"; };
		13683C571DD2A9290027A767 /* HomeController.swift */ = {isa = PBXFileReference; fileEncoding = 4; lastKnownFileType = sourcecode.swift; path = HomeController.swift; sourceTree = "<group>"; };
		3E000B0E1E86F6C30087614E /* WebsiteData.swift */ = {isa = PBXFileReference; fileEncoding = 4; lastKnownFileType = sourcecode.swift; path = WebsiteData.swift; sourceTree = "<group>"; };
		3E000B0F1E86F6C30087614E /* Team.swift */ = {isa = PBXFileReference; fileEncoding = 4; lastKnownFileType = sourcecode.swift; path = Team.swift; sourceTree = "<group>"; };
		3E000B101E86F6C30087614E /* StringSearchable.swift */ = {isa = PBXFileReference; fileEncoding = 4; lastKnownFileType = sourcecode.swift; path = StringSearchable.swift; sourceTree = "<group>"; };
		3E000B111E86F6C30087614E /* Standing.swift */ = {isa = PBXFileReference; fileEncoding = 4; lastKnownFileType = sourcecode.swift; path = Standing.swift; sourceTree = "<group>"; };
		3E000B121E86F6C30087614E /* LeagueData.swift */ = {isa = PBXFileReference; fileEncoding = 4; lastKnownFileType = sourcecode.swift; path = LeagueData.swift; sourceTree = "<group>"; };
		3E000B131E86F6C30087614E /* Game.swift */ = {isa = PBXFileReference; fileEncoding = 4; lastKnownFileType = sourcecode.swift; name = Game.swift; path = ../Game.swift; sourceTree = "<group>"; };
		3E000B1E1E86F75A0087614E /* Kanna.framework */ = {isa = PBXFileReference; lastKnownFileType = wrapper.framework; name = Kanna.framework; path = Carthage/Build/iOS/Kanna.framework; sourceTree = "<group>"; };
		3EFE61391DA7354700DA895D /* BGBB.app */ = {isa = PBXFileReference; explicitFileType = wrapper.application; includeInIndex = 0; path = BGBB.app; sourceTree = BUILT_PRODUCTS_DIR; };
		3EFE613C1DA7354700DA895D /* AppDelegate.swift */ = {isa = PBXFileReference; lastKnownFileType = sourcecode.swift; path = AppDelegate.swift; sourceTree = "<group>"; };
		3EFE613E1DA7354700DA895D /* FirstViewController.swift */ = {isa = PBXFileReference; lastKnownFileType = sourcecode.swift; path = FirstViewController.swift; sourceTree = "<group>"; };
		3EFE61401DA7354700DA895D /* SecondViewController.swift */ = {isa = PBXFileReference; lastKnownFileType = sourcecode.swift; path = SecondViewController.swift; sourceTree = "<group>"; };
		3EFE61431DA7354700DA895D /* Base */ = {isa = PBXFileReference; lastKnownFileType = file.storyboard; name = Base; path = Base.lproj/Main.storyboard; sourceTree = "<group>"; };
		3EFE61451DA7354700DA895D /* Assets.xcassets */ = {isa = PBXFileReference; lastKnownFileType = folder.assetcatalog; path = Assets.xcassets; sourceTree = "<group>"; };
		3EFE61481DA7354700DA895D /* Base */ = {isa = PBXFileReference; lastKnownFileType = file.storyboard; name = Base; path = Base.lproj/LaunchScreen.storyboard; sourceTree = "<group>"; };
		3EFE614A1DA7354700DA895D /* Info.plist */ = {isa = PBXFileReference; lastKnownFileType = text.plist.xml; path = Info.plist; sourceTree = "<group>"; };
		3EFE61571DA7421400DA895D /* Alamofire.framework */ = {isa = PBXFileReference; lastKnownFileType = wrapper.framework; name = Alamofire.framework; path = Carthage/Build/iOS/Alamofire.framework; sourceTree = "<group>"; };
		3EFE61591DA7421900DA895D /* SwiftyJSON.framework */ = {isa = PBXFileReference; lastKnownFileType = wrapper.framework; name = SwiftyJSON.framework; path = Carthage/Build/iOS/SwiftyJSON.framework; sourceTree = "<group>"; };
		F150F6AD1E873BB100534AB8 /* Controller.swift */ = {isa = PBXFileReference; fileEncoding = 4; lastKnownFileType = sourcecode.swift; path = Controller.swift; sourceTree = "<group>"; };
/* End PBXFileReference section */

/* Begin PBXFrameworksBuildPhase section */
		3EFE61361DA7354600DA895D /* Frameworks */ = {
			isa = PBXFrameworksBuildPhase;
			buildActionMask = 2147483647;
			files = (
				3E000B1A1E86F7290087614E /* SwiftyJSON.framework in Frameworks */,
				3E000B1C1E86F7290087614E /* Alamofire.framework in Frameworks */,
				3E000B1F1E86F75A0087614E /* Kanna.framework in Frameworks */,
			);
			runOnlyForDeploymentPostprocessing = 0;
		};
/* End PBXFrameworksBuildPhase section */

/* Begin PBXGroup section */
		3EFE61301DA7354600DA895D = {
			isa = PBXGroup;
			children = (
				3EFE613B1DA7354700DA895D /* BGBB */,
				3EFE613A1DA7354700DA895D /* Products */,
				3EFE61561DA7421300DA895D /* Frameworks */,
			);
			sourceTree = "<group>";
		};
		3EFE613A1DA7354700DA895D /* Products */ = {
			isa = PBXGroup;
			children = (
				3EFE61391DA7354700DA895D /* BGBB.app */,
			);
			name = Products;
			sourceTree = "<group>";
		};
		3EFE613B1DA7354700DA895D /* BGBB */ = {
			isa = PBXGroup;
			children = (
				3EFE61551DA735B500DA895D /* MiscSwift */,
				3EFE61541DA7359400DA895D /* Storyboards */,
				3EFE61531DA7356900DA895D /* Data */,
				3EFE61521DA7356200DA895D /* Views */,
				3EFE61511DA7355C00DA895D /* Resources */,
				3EFE61501DA7355000DA895D /* Controllers */,
			);
			path = BGBB;
			sourceTree = "<group>";
		};
		3EFE61501DA7355000DA895D /* Controllers */ = {
			isa = PBXGroup;
			children = (
				130007B31E86E2E6005046D7 /* OptionsViewController.swift */,
				130007AD1E86E2AB005046D7 /* FAQViewController.swift */,
				130007AF1E86E2B6005046D7 /* LoginViewController.swift */,
				3EFE61401DA7354700DA895D /* SecondViewController.swift */,
				3EFE613E1DA7354700DA895D /* FirstViewController.swift */,
				13683C571DD2A9290027A767 /* HomeController.swift */,
				F150F6AD1E873BB100534AB8 /* Controller.swift */,
			);
			name = Controllers;
			sourceTree = "<group>";
		};
		3EFE61511DA7355C00DA895D /* Resources */ = {
			isa = PBXGroup;
			children = (
				130007BD1E86EC6B005046D7 /* arrow-left.png */,
				130007BE1E86EC6B005046D7 /* battery.png */,
				130007BF1E86EC6B005046D7 /* calendar-active.png */,
				130007C01E86EC6B005046D7 /* calendar.png */,
				130007C11E86EC6B005046D7 /* change-team.png */,
				130007C21E86EC6B005046D7 /* check-schedule.png */,
				130007C31E86EC6B005046D7 /* check-scores.png */,
				130007C41E86EC6B005046D7 /* check-standings.png */,
				130007C51E86EC6B005046D7 /* faq.png */,
				130007C61E86EC6B005046D7 /* home-active.png */,
				130007C71E86EC6B005046D7 /* home.png */,
				130007C81E86EC6B005046D7 /* logo.jpg */,
				130007C91E86EC6B005046D7 /* menu-active.png */,
				130007CA1E86EC6B005046D7 /* more.png */,
				130007CB1E86EC6B005046D7 /* scores-active.png */,
				130007CC1E86EC6B005046D7 /* scores.png */,
				130007CD1E86EC6B005046D7 /* search.png */,
				130007CE1E86EC6B005046D7 /* sponsors.png */,
				130007CF1E86EC6B005046D7 /* standings-active.png */,
				130007D01E86EC6B005046D7 /* standings.png */,
				130007D11E86EC6B005046D7 /* Team Icons */,
				3EFE61451DA7354700DA895D /* Assets.xcassets */,
				3EFE614A1DA7354700DA895D /* Info.plist */,
			);
			name = Resources;
			sourceTree = "<group>";
		};
		3EFE61521DA7356200DA895D /* Views */ = {
			isa = PBXGroup;
			children = (
				130007B11E86E2CA005046D7 /* ExpandingTableViewCell.swift */,
				130007BB1E86E7D1005046D7 /* MyCustomCell.swift */,
			);
			name = Views;
			sourceTree = "<group>";
		};
		3EFE61531DA7356900DA895D /* Data */ = {
			isa = PBXGroup;
			children = (
				3E000B0F1E86F6C30087614E /* Team.swift */,
				3E000B0E1E86F6C30087614E /* WebsiteData.swift */,
				3E000B101E86F6C30087614E /* StringSearchable.swift */,
				3E000B111E86F6C30087614E /* Standing.swift */,
				3E000B121E86F6C30087614E /* LeagueData.swift */,
				3E000B131E86F6C30087614E /* Game.swift */,
			);
			name = Data;
			sourceTree = "<group>";
		};
		3EFE61541DA7359400DA895D /* Storyboards */ = {
			isa = PBXGroup;
			children = (
				3EFE61471DA7354700DA895D /* LaunchScreen.storyboard */,
				3EFE61421DA7354700DA895D /* Main.storyboard */,
			);
			name = Storyboards;
			sourceTree = "<group>";
		};
		3EFE61551DA735B500DA895D /* MiscSwift */ = {
			isa = PBXGroup;
			children = (
				3EFE613C1DA7354700DA895D /* AppDelegate.swift */,
			);
			name = MiscSwift;
			sourceTree = "<group>";
		};
		3EFE61561DA7421300DA895D /* Frameworks */ = {
			isa = PBXGroup;
			children = (
				3E000B1E1E86F75A0087614E /* Kanna.framework */,
				3EFE61591DA7421900DA895D /* SwiftyJSON.framework */,
				3EFE61571DA7421400DA895D /* Alamofire.framework */,
			);
			name = Frameworks;
			sourceTree = "<group>";
		};
/* End PBXGroup section */

/* Begin PBXNativeTarget section */
		3EFE61381DA7354600DA895D /* BGBB */ = {
			isa = PBXNativeTarget;
			buildConfigurationList = 3EFE614D1DA7354700DA895D /* Build configuration list for PBXNativeTarget "BGBB" */;
			buildPhases = (
				3EFE61351DA7354600DA895D /* Sources */,
				3EFE61361DA7354600DA895D /* Frameworks */,
				3EFE61371DA7354600DA895D /* Resources */,
				3EFE615B1DA7424F00DA895D /* Run Script */,
				3E000AFD1E86BD6D0087614E /* Embed Frameworks */,
			);
			buildRules = (
			);
			dependencies = (
			);
			name = BGBB;
			productName = BGBB;
			productReference = 3EFE61391DA7354700DA895D /* BGBB.app */;
			productType = "com.apple.product-type.application";
		};
/* End PBXNativeTarget section */

/* Begin PBXProject section */
		3EFE61311DA7354600DA895D /* Project object */ = {
			isa = PBXProject;
			attributes = {
				LastSwiftUpdateCheck = 0800;
				LastUpgradeCheck = 0810;
				ORGANIZATIONNAME = "Calvin Rose";
				TargetAttributes = {
					3EFE61381DA7354600DA895D = {
						CreatedOnToolsVersion = 8.0;
						DevelopmentTeam = 5ZL35CB8RG;
						ProvisioningStyle = Automatic;
					};
				};
			};
			buildConfigurationList = 3EFE61341DA7354600DA895D /* Build configuration list for PBXProject "BGBB" */;
			compatibilityVersion = "Xcode 3.2";
			developmentRegion = English;
			hasScannedForEncodings = 0;
			knownRegions = (
				en,
				Base,
			);
			mainGroup = 3EFE61301DA7354600DA895D;
			productRefGroup = 3EFE613A1DA7354700DA895D /* Products */;
			projectDirPath = "";
			projectRoot = "";
			targets = (
				3EFE61381DA7354600DA895D /* BGBB */,
			);
		};
/* End PBXProject section */

/* Begin PBXResourcesBuildPhase section */
		3EFE61371DA7354600DA895D /* Resources */ = {
			isa = PBXResourcesBuildPhase;
			buildActionMask = 2147483647;
			files = (
				130007DE1E86EC6B005046D7 /* menu-active.png in Resources */,
				130007D51E86EC6B005046D7 /* calendar.png in Resources */,
				130007DD1E86EC6B005046D7 /* logo.jpg in Resources */,
				130007D21E86EC6B005046D7 /* arrow-left.png in Resources */,
				130007E31E86EC6B005046D7 /* sponsors.png in Resources */,
				130007E61E86EC6B005046D7 /* Team Icons in Resources */,
				130007DC1E86EC6B005046D7 /* home.png in Resources */,
				130007D91E86EC6B005046D7 /* check-standings.png in Resources */,
				130007E11E86EC6B005046D7 /* scores.png in Resources */,
				130007D31E86EC6B005046D7 /* battery.png in Resources */,
				130007E41E86EC6B005046D7 /* standings-active.png in Resources */,
				3EFE61491DA7354700DA895D /* LaunchScreen.storyboard in Resources */,
				130007D71E86EC6B005046D7 /* check-schedule.png in Resources */,
				130007DA1E86EC6B005046D7 /* faq.png in Resources */,
				130007DF1E86EC6B005046D7 /* more.png in Resources */,
				130007E51E86EC6B005046D7 /* standings.png in Resources */,
				130007D61E86EC6B005046D7 /* change-team.png in Resources */,
				3EFE61461DA7354700DA895D /* Assets.xcassets in Resources */,
				3EFE61441DA7354700DA895D /* Main.storyboard in Resources */,
				130007E21E86EC6B005046D7 /* search.png in Resources */,
				130007D41E86EC6B005046D7 /* calendar-active.png in Resources */,
				130007D81E86EC6B005046D7 /* check-scores.png in Resources */,
				130007E01E86EC6B005046D7 /* scores-active.png in Resources */,
				130007DB1E86EC6B005046D7 /* home-active.png in Resources */,
			);
			runOnlyForDeploymentPostprocessing = 0;
		};
/* End PBXResourcesBuildPhase section */

/* Begin PBXShellScriptBuildPhase section */
		3EFE615B1DA7424F00DA895D /* Run Script */ = {
			isa = PBXShellScriptBuildPhase;
			buildActionMask = 2147483647;
			files = (
			);
			inputPaths = (
				"$(SRCROOT)/Carthage/Build/iOS/Alamofire.framework",
				"$(SRCROOT)/Carthage/Build/iOS/SwiftyJSON.framework",
			);
			name = "Run Script";
			outputPaths = (
			);
			runOnlyForDeploymentPostprocessing = 0;
			shellPath = /bin/sh;
			shellScript = "/usr/local/bin/carthage copy-frameworks";
		};
/* End PBXShellScriptBuildPhase section */

/* Begin PBXSourcesBuildPhase section */
		3EFE61351DA7354600DA895D /* Sources */ = {
			isa = PBXSourcesBuildPhase;
			buildActionMask = 2147483647;
			files = (
				130007BC1E86E7D1005046D7 /* MyCustomCell.swift in Sources */,
				3E000B191E86F6C30087614E /* Game.swift in Sources */,
				130007B01E86E2B6005046D7 /* LoginViewController.swift in Sources */,
				130007B41E86E2E6005046D7 /* OptionsViewController.swift in Sources */,
				3EFE61411DA7354700DA895D /* SecondViewController.swift in Sources */,
				3E000B181E86F6C30087614E /* LeagueData.swift in Sources */,
				13683C581DD2A9290027A767 /* HomeController.swift in Sources */,
				3E000B171E86F6C30087614E /* Standing.swift in Sources */,
				3E000B141E86F6C30087614E /* WebsiteData.swift in Sources */,
				3E000B161E86F6C30087614E /* StringSearchable.swift in Sources */,
				3EFE613D1DA7354700DA895D /* AppDelegate.swift in Sources */,
				130007B21E86E2CA005046D7 /* ExpandingTableViewCell.swift in Sources */,
				3E000B151E86F6C30087614E /* Team.swift in Sources */,
				130007AE1E86E2AB005046D7 /* FAQViewController.swift in Sources */,
				3EFE613F1DA7354700DA895D /* FirstViewController.swift in Sources */,
				F150F6AE1E873BB100534AB8 /* Controller.swift in Sources */,
			);
			runOnlyForDeploymentPostprocessing = 0;
		};
/* End PBXSourcesBuildPhase section */

/* Begin PBXVariantGroup section */
		3EFE61421DA7354700DA895D /* Main.storyboard */ = {
			isa = PBXVariantGroup;
			children = (
				3EFE61431DA7354700DA895D /* Base */,
			);
			name = Main.storyboard;
			sourceTree = "<group>";
		};
		3EFE61471DA7354700DA895D /* LaunchScreen.storyboard */ = {
			isa = PBXVariantGroup;
			children = (
				3EFE61481DA7354700DA895D /* Base */,
			);
			name = LaunchScreen.storyboard;
			sourceTree = "<group>";
		};
/* End PBXVariantGroup section */

/* Begin XCBuildConfiguration section */
		3EFE614B1DA7354700DA895D /* Debug */ = {
			isa = XCBuildConfiguration;
			buildSettings = {
				ALWAYS_SEARCH_USER_PATHS = NO;
				CLANG_ANALYZER_NONNULL = YES;
				CLANG_CXX_LANGUAGE_STANDARD = "gnu++0x";
				CLANG_CXX_LIBRARY = "libc++";
				CLANG_ENABLE_MODULES = YES;
				CLANG_ENABLE_OBJC_ARC = YES;
				CLANG_WARN_BOOL_CONVERSION = YES;
				CLANG_WARN_CONSTANT_CONVERSION = YES;
				CLANG_WARN_DIRECT_OBJC_ISA_USAGE = YES_ERROR;
				CLANG_WARN_DOCUMENTATION_COMMENTS = YES;
				CLANG_WARN_EMPTY_BODY = YES;
				CLANG_WARN_ENUM_CONVERSION = YES;
				CLANG_WARN_INFINITE_RECURSION = YES;
				CLANG_WARN_INT_CONVERSION = YES;
				CLANG_WARN_OBJC_ROOT_CLASS = YES_ERROR;
				CLANG_WARN_SUSPICIOUS_MOVE = YES;
				CLANG_WARN_SUSPICIOUS_MOVES = YES;
				CLANG_WARN_UNREACHABLE_CODE = YES;
				CLANG_WARN__DUPLICATE_METHOD_MATCH = YES;
				"CODE_SIGN_IDENTITY[sdk=iphoneos*]" = "iPhone Developer";
				COPY_PHASE_STRIP = NO;
				DEBUG_INFORMATION_FORMAT = dwarf;
				ENABLE_STRICT_OBJC_MSGSEND = YES;
				ENABLE_TESTABILITY = YES;
				GCC_C_LANGUAGE_STANDARD = gnu99;
				GCC_DYNAMIC_NO_PIC = NO;
				GCC_NO_COMMON_BLOCKS = YES;
				GCC_OPTIMIZATION_LEVEL = 0;
				GCC_PREPROCESSOR_DEFINITIONS = (
					"DEBUG=1",
					"$(inherited)",
				);
				GCC_WARN_64_TO_32_BIT_CONVERSION = YES;
				GCC_WARN_ABOUT_RETURN_TYPE = YES_ERROR;
				GCC_WARN_UNDECLARED_SELECTOR = YES;
				GCC_WARN_UNINITIALIZED_AUTOS = YES_AGGRESSIVE;
				GCC_WARN_UNUSED_FUNCTION = YES;
				GCC_WARN_UNUSED_VARIABLE = YES;
				HEADER_SEARCH_PATHS = "$(SDKROOT)/usr/include/libxml2";
				IPHONEOS_DEPLOYMENT_TARGET = 10.0;
				MTL_ENABLE_DEBUG_INFO = YES;
				ONLY_ACTIVE_ARCH = YES;
				SDKROOT = iphoneos;
				SWIFT_ACTIVE_COMPILATION_CONDITIONS = DEBUG;
				SWIFT_OPTIMIZATION_LEVEL = "-Onone";
				TARGETED_DEVICE_FAMILY = "1,2";
			};
			name = Debug;
		};
		3EFE614C1DA7354700DA895D /* Release */ = {
			isa = XCBuildConfiguration;
			buildSettings = {
				ALWAYS_SEARCH_USER_PATHS = NO;
				CLANG_ANALYZER_NONNULL = YES;
				CLANG_CXX_LANGUAGE_STANDARD = "gnu++0x";
				CLANG_CXX_LIBRARY = "libc++";
				CLANG_ENABLE_MODULES = YES;
				CLANG_ENABLE_OBJC_ARC = YES;
				CLANG_WARN_BOOL_CONVERSION = YES;
				CLANG_WARN_CONSTANT_CONVERSION = YES;
				CLANG_WARN_DIRECT_OBJC_ISA_USAGE = YES_ERROR;
				CLANG_WARN_DOCUMENTATION_COMMENTS = YES;
				CLANG_WARN_EMPTY_BODY = YES;
				CLANG_WARN_ENUM_CONVERSION = YES;
				CLANG_WARN_INFINITE_RECURSION = YES;
				CLANG_WARN_INT_CONVERSION = YES;
				CLANG_WARN_OBJC_ROOT_CLASS = YES_ERROR;
				CLANG_WARN_SUSPICIOUS_MOVE = YES;
				CLANG_WARN_SUSPICIOUS_MOVES = YES;
				CLANG_WARN_UNREACHABLE_CODE = YES;
				CLANG_WARN__DUPLICATE_METHOD_MATCH = YES;
				"CODE_SIGN_IDENTITY[sdk=iphoneos*]" = "iPhone Developer";
				COPY_PHASE_STRIP = NO;
				DEBUG_INFORMATION_FORMAT = "dwarf-with-dsym";
				ENABLE_NS_ASSERTIONS = NO;
				ENABLE_STRICT_OBJC_MSGSEND = YES;
				GCC_C_LANGUAGE_STANDARD = gnu99;
				GCC_NO_COMMON_BLOCKS = YES;
				GCC_WARN_64_TO_32_BIT_CONVERSION = YES;
				GCC_WARN_ABOUT_RETURN_TYPE = YES_ERROR;
				GCC_WARN_UNDECLARED_SELECTOR = YES;
				GCC_WARN_UNINITIALIZED_AUTOS = YES_AGGRESSIVE;
				GCC_WARN_UNUSED_FUNCTION = YES;
				GCC_WARN_UNUSED_VARIABLE = YES;
				HEADER_SEARCH_PATHS = "$(SDKROOT)/usr/include/libxml2";
				IPHONEOS_DEPLOYMENT_TARGET = 10.0;
				MTL_ENABLE_DEBUG_INFO = NO;
				SDKROOT = iphoneos;
				SWIFT_OPTIMIZATION_LEVEL = "-Owholemodule";
				TARGETED_DEVICE_FAMILY = "1,2";
				VALIDATE_PRODUCT = YES;
			};
			name = Release;
		};
		3EFE614E1DA7354700DA895D /* Debug */ = {
			isa = XCBuildConfiguration;
			buildSettings = {
				ASSETCATALOG_COMPILER_APPICON_NAME = AppIcon;
				DEVELOPMENT_TEAM = 5ZL35CB8RG;
				FRAMEWORK_SEARCH_PATHS = (
					"$(inherited)",
					"$(PROJECT_DIR)/Carthage/Build/iOS",
				);
				INFOPLIST_FILE = BGBB/Info.plist;
				LD_RUNPATH_SEARCH_PATHS = "$(inherited) @executable_path/Frameworks";
				PRODUCT_BUNDLE_IDENTIFIER = bgbbgai.BGBB;
				PRODUCT_NAME = "$(TARGET_NAME)";
				SWIFT_VERSION = 3.0;
			};
			name = Debug;
		};
		3EFE614F1DA7354700DA895D /* Release */ = {
			isa = XCBuildConfiguration;
			buildSettings = {
				ASSETCATALOG_COMPILER_APPICON_NAME = AppIcon;
				DEVELOPMENT_TEAM = 5ZL35CB8RG;
				FRAMEWORK_SEARCH_PATHS = (
					"$(inherited)",
					"$(PROJECT_DIR)/Carthage/Build/iOS",
				);
				"HEADER_SEARCH_PATHS[arch=*]" = "$(SDKROOT)/usr/include/libxml2";
				INFOPLIST_FILE = BGBB/Info.plist;
				LD_RUNPATH_SEARCH_PATHS = "$(inherited) @executable_path/Frameworks";
				PRODUCT_BUNDLE_IDENTIFIER = bgbbgai.BGBB;
				PRODUCT_NAME = "$(TARGET_NAME)";
				SWIFT_VERSION = 3.0;
			};
			name = Release;
		};
/* End XCBuildConfiguration section */

/* Begin XCConfigurationList section */
		3EFE61341DA7354600DA895D /* Build configuration list for PBXProject "BGBB" */ = {
			isa = XCConfigurationList;
			buildConfigurations = (
				3EFE614B1DA7354700DA895D /* Debug */,
				3EFE614C1DA7354700DA895D /* Release */,
			);
			defaultConfigurationIsVisible = 0;
			defaultConfigurationName = Release;
		};
		3EFE614D1DA7354700DA895D /* Build configuration list for PBXNativeTarget "BGBB" */ = {
			isa = XCConfigurationList;
			buildConfigurations = (
				3EFE614E1DA7354700DA895D /* Debug */,
				3EFE614F1DA7354700DA895D /* Release */,
			);
			defaultConfigurationIsVisible = 0;
			defaultConfigurationName = Release;
		};
/* End XCConfigurationList section */
	};
	rootObject = 3EFE61311DA7354600DA895D /* Project object */;
}
